
Microsoft Visual Studio Solution File, Format Version 12.00
# Visual Studio Version 17
VisualStudioVersion = 17.14.36518.9 d17.14
MinimumVisualStudioVersion = 10.0.40219.1
Project("{FAE04EC0-301F-11D3-BF4B-00C04F79EFBC}") = "Pr2.2", "Pr2.2.csproj", "{DA1AA491-634C-4689-A529-8D1A99A1AF9D}"
EndProject
Global
	GlobalSection(SolutionConfigurationPlatforms) = preSolution
		Debug|Any CPU = Debug|Any CPU
		Release|Any CPU = Release|Any CPU
	EndGlobalSection
	GlobalSection(ProjectConfigurationPlatforms) = postSolution
		{DA1AA491-634C-4689-A529-8D1A99A1AF9D}.Debug|Any CPU.ActiveCfg = Debug|Any CPU
		{DA1AA491-634C-4689-A529-8D1A99A1AF9D}.Debug|Any CPU.Build.0 = Debug|Any CPU
		{DA1AA491-634C-4689-A529-8D1A99A1AF9D}.Release|Any CPU.ActiveCfg = Release|Any CPU
		{DA1AA491-634C-4689-A529-8D1A99A1AF9D}.Release|Any CPU.Build.0 = Release|Any CPU
	EndGlobalSection
	GlobalSection(SolutionProperties) = preSolution
		HideSolutionNode = FALSE
	EndGlobalSection
	GlobalSection(ExtensibilityGlobals) = postSolution
		SolutionGuid = {5D66C5E4-4E61-4F1D-BFDB-B820C1AEA773}
	EndGlobalSection
EndGlobal
