
Microsoft Visual Studio Solution File, Format Version 12.00
# Visual Studio Version 17
VisualStudioVersion = 17.14.36518.9
MinimumVisualStudioVersion = 10.0.40219.1
Project("{FAE04EC0-301F-11D3-BF4B-00C04F79EFBC}") = "SmartHomeSystem", "SmartHomeSystem\SmartHomeSystem.csproj", "{A4C74977-6F9A-4954-9591-4FE183A4E9DB}"
EndProject
Project("{FAE04EC0-301F-11D3-BF4B-00C04F79EFBC}") = "SmartHomeSystem.Tests", "SmartHomeSystem.Tests\SmartHomeSystem.Tests.csproj", "{3A097890-7B93-87C2-4961-352B028AC669}"
EndProject
Global
	GlobalSection(SolutionConfigurationPlatforms) = preSolution
		Debug|Any CPU = Debug|Any CPU
		Release|Any CPU = Release|Any CPU
	EndGlobalSection
	GlobalSection(ProjectConfigurationPlatforms) = postSolution
		{A4C74977-6F9A-4954-9591-4FE183A4E9DB}.Debug|Any CPU.ActiveCfg = Debug|Any CPU
		{A4C74977-6F9A-4954-9591-4FE183A4E9DB}.Debug|Any CPU.Build.0 = Debug|Any CPU
		{A4C74977-6F9A-4954-9591-4FE183A4E9DB}.Release|Any CPU.ActiveCfg = Release|Any CPU
		{A4C74977-6F9A-4954-9591-4FE183A4E9DB}.Release|Any CPU.Build.0 = Release|Any CPU
		{3A097890-7B93-87C2-4961-352B028AC669}.Debug|Any CPU.ActiveCfg = Debug|Any CPU
		{3A097890-7B93-87C2-4961-352B028AC669}.Debug|Any CPU.Build.0 = Debug|Any CPU
		{3A097890-7B93-87C2-4961-352B028AC669}.Release|Any CPU.ActiveCfg = Release|Any CPU
		{3A097890-7B93-87C2-4961-352B028AC669}.Release|Any CPU.Build.0 = Release|Any CPU
	EndGlobalSection
	GlobalSection(SolutionProperties) = preSolution
		HideSolutionNode = FALSE
	EndGlobalSection
	GlobalSection(ExtensibilityGlobals) = postSolution
		SolutionGuid = {28420614-9EA6-4FF7-A99E-0F55546D519C}
	EndGlobalSection
EndGlobal
