
Microsoft Visual Studio Solution File, Format Version 12.00
# Visual Studio Version 17
VisualStudioVersion = 17.14.36518.9 d17.14
MinimumVisualStudioVersion = 10.0.40219.1
Project("{FAE04EC0-301F-11D3-BF4B-00C04F79EFBC}") = "Pr3.2", "Pr3.2.csproj", "{7916AF7F-3EA0-4604-BB1D-975648A0F158}"
EndProject
Global
	GlobalSection(SolutionConfigurationPlatforms) = preSolution
		Debug|Any CPU = Debug|Any CPU
		Release|Any CPU = Release|Any CPU
	EndGlobalSection
	GlobalSection(ProjectConfigurationPlatforms) = postSolution
		{7916AF7F-3EA0-4604-BB1D-975648A0F158}.Debug|Any CPU.ActiveCfg = Debug|Any CPU
		{7916AF7F-3EA0-4604-BB1D-975648A0F158}.Debug|Any CPU.Build.0 = Debug|Any CPU
		{7916AF7F-3EA0-4604-BB1D-975648A0F158}.Release|Any CPU.ActiveCfg = Release|Any CPU
		{7916AF7F-3EA0-4604-BB1D-975648A0F158}.Release|Any CPU.Build.0 = Release|Any CPU
	EndGlobalSection
	GlobalSection(SolutionProperties) = preSolution
		HideSolutionNode = FALSE
	EndGlobalSection
	GlobalSection(ExtensibilityGlobals) = postSolution
		SolutionGuid = {21DE7672-4CFA-42D2-AA0A-90F62AC00F8D}
	EndGlobalSection
EndGlobal
