
Microsoft Visual Studio Solution File, Format Version 12.00
# Visual Studio Version 17
VisualStudioVersion = 17.14.37111.16
MinimumVisualStudioVersion = 10.0.40219.1
Project("{FAE04EC0-301F-11D3-BF4B-00C04F79EFBC}") = "AsyncDataLibrary", "AsyncDataLibrary.csproj", "{0BD4BE7C-341C-4097-A51E-09E79374BB91}"
EndProject
Project("{FAE04EC0-301F-11D3-BF4B-00C04F79EFBC}") = "AsyncDataApp", "..\AsyncDataApp\AsyncDataApp.csproj", "{2C717CC4-17CB-4A46-BBC7-2FB73D24137D}"
EndProject
Project("{FAE04EC0-301F-11D3-BF4B-00C04F79EFBC}") = "AsyncDataWinFormsApp", "..\AsyncDataWinFormsApp\AsyncDataWinFormsApp.csproj", "{16BC2228-5874-4B40-9C60-B241534748FA}"
EndProject
Global
	GlobalSection(SolutionConfigurationPlatforms) = preSolution
		Debug|Any CPU = Debug|Any CPU
		Release|Any CPU = Release|Any CPU
	EndGlobalSection
	GlobalSection(ProjectConfigurationPlatforms) = postSolution
		{0BD4BE7C-341C-4097-A51E-09E79374BB91}.Debug|Any CPU.ActiveCfg = Debug|Any CPU
		{0BD4BE7C-341C-4097-A51E-09E79374BB91}.Debug|Any CPU.Build.0 = Debug|Any CPU
		{0BD4BE7C-341C-4097-A51E-09E79374BB91}.Release|Any CPU.ActiveCfg = Release|Any CPU
		{0BD4BE7C-341C-4097-A51E-09E79374BB91}.Release|Any CPU.Build.0 = Release|Any CPU
		{2C717CC4-17CB-4A46-BBC7-2FB73D24137D}.Debug|Any CPU.ActiveCfg = Debug|Any CPU
		{2C717CC4-17CB-4A46-BBC7-2FB73D24137D}.Debug|Any CPU.Build.0 = Debug|Any CPU
		{2C717CC4-17CB-4A46-BBC7-2FB73D24137D}.Release|Any CPU.ActiveCfg = Release|Any CPU
		{2C717CC4-17CB-4A46-BBC7-2FB73D24137D}.Release|Any CPU.Build.0 = Release|Any CPU
		{16BC2228-5874-4B40-9C60-B241534748FA}.Debug|Any CPU.ActiveCfg = Debug|Any CPU
		{16BC2228-5874-4B40-9C60-B241534748FA}.Debug|Any CPU.Build.0 = Debug|Any CPU
		{16BC2228-5874-4B40-9C60-B241534748FA}.Release|Any CPU.ActiveCfg = Release|Any CPU
		{16BC2228-5874-4B40-9C60-B241534748FA}.Release|Any CPU.Build.0 = Release|Any CPU
	EndGlobalSection
	GlobalSection(SolutionProperties) = preSolution
		HideSolutionNode = FALSE
	EndGlobalSection
	GlobalSection(ExtensibilityGlobals) = postSolution
		SolutionGuid = {E8D9E052-94C4-4399-91DC-5A2C79682E25}
	EndGlobalSection
EndGlobal
